// !$*UTF8*$!
{
	archiveVersion = 1;
	classes = {
	};
	objectVersion = 46;
	objects = {

/* Begin PBXBuildFile section */
		0D8B7467157D6897002C2D92 /* CoreImage.framework in Frameworks */ = {isa = PBXBuildFile; fileRef = 7D21FAE61560C2240048E1DE /* CoreImage.framework */; };
		0D8B746A157D6958002C2D92 /* QuartzCore.framework in Frameworks */ = {isa = PBXBuildFile; fileRef = 0D8B7469157D6958002C2D92 /* QuartzCore.framework */; };
		395008F8155B20D800AA04FB /* ironman.jpg in Resources */ = {isa = PBXBuildFile; fileRef = 395008F6155B20D800AA04FB /* ironman.jpg */; };
		395008FB155B20F300AA04FB /* hulk.jpg in Resources */ = {isa = PBXBuildFile; fileRef = 395008FA155B20F300AA04FB /* hulk.jpg */; };
		39500946155B2B9200AA04FB /* thor.jpg in Resources */ = {isa = PBXBuildFile; fileRef = 39500945155B2B9200AA04FB /* thor.jpg */; };
		39D5730C156D91D800A6CD3D /* CoreImage.framework in Frameworks */ = {isa = PBXBuildFile; fileRef = 7D21FAE61560C2240048E1DE /* CoreImage.framework */; };
		7D21FAD315609DC90048E1DE /* OnlineViewController.m in Sources */ = {isa = PBXBuildFile; fileRef = 7D21FAD215609DC90048E1DE /* OnlineViewController.m */; };
		7D21FADA1560BBE90048E1DE /* CameraRollViewController.m in Sources */ = {isa = PBXBuildFile; fileRef = 7D21FAD91560BBE80048E1DE /* CameraRollViewController.m */; };
		7D21FAE01560BF4E0048E1DE /* AssetsLibrary.framework in Frameworks */ = {isa = PBXBuildFile; fileRef = 7D21FADF1560BF4E0048E1DE /* AssetsLibrary.framework */; };
		7D21FAE31560C1EA0048E1DE /* CoreGraphics.framework in Frameworks */ = {isa = PBXBuildFile; fileRef = 7D7A5F7B15587FFC003014E8 /* CoreGraphics.framework */; };
		7D21FAE51560C2160048E1DE /* CoreMedia.framework in Frameworks */ = {isa = PBXBuildFile; fileRef = 7D21FAE41560C2160048E1DE /* CoreMedia.framework */; };
		7D21FAE91560C2550048E1DE /* CoreVideo.framework in Frameworks */ = {isa = PBXBuildFile; fileRef = 7D21FAE81560C2550048E1DE /* CoreVideo.framework */; };
		7D3B4762155E89FE00935C26 /* AVFoundation.framework in Frameworks */ = {isa = PBXBuildFile; fileRef = 7D3B4761155E89FE00935C26 /* AVFoundation.framework */; };
		7D7A5F7815587FFC003014E8 /* UIKit.framework in Frameworks */ = {isa = PBXBuildFile; fileRef = 7D7A5F7715587FFC003014E8 /* UIKit.framework */; };
		7D7A5F7A15587FFC003014E8 /* Foundation.framework in Frameworks */ = {isa = PBXBuildFile; fileRef = 7D7A5F7915587FFC003014E8 /* Foundation.framework */; };
		7D7A5F8215587FFC003014E8 /* InfoPlist.strings in Resources */ = {isa = PBXBuildFile; fileRef = 7D7A5F8015587FFC003014E8 /* InfoPlist.strings */; };
		7D7A5F8415587FFC003014E8 /* main.m in Sources */ = {isa = PBXBuildFile; fileRef = 7D7A5F8315587FFC003014E8 /* main.m */; };
		7D7A5F8815587FFC003014E8 /* AppDelegate.m in Sources */ = {isa = PBXBuildFile; fileRef = 7D7A5F8715587FFC003014E8 /* AppDelegate.m */; };
		7D7A5F8B15587FFD003014E8 /* MainStoryboard.storyboard in Resources */ = {isa = PBXBuildFile; fileRef = 7D7A5F8915587FFD003014E8 /* MainStoryboard.storyboard */; };
		7D7A5F8E15587FFD003014E8 /* ViewController.m in Sources */ = {isa = PBXBuildFile; fileRef = 7D7A5F8D15587FFD003014E8 /* ViewController.m */; };
/* End PBXBuildFile section */

/* Begin PBXFileReference section */
		0D8B7469157D6958002C2D92 /* QuartzCore.framework */ = {isa = PBXFileReference; lastKnownFileType = wrapper.framework; name = QuartzCore.framework; path = System/Library/Frameworks/QuartzCore.framework; sourceTree = SDKROOT; };
		395008F6155B20D800AA04FB /* ironman.jpg */ = {isa = PBXFileReference; lastKnownFileType = image.jpeg; path = ironman.jpg; sourceTree = "<group>"; };
		395008FA155B20F300AA04FB /* hulk.jpg */ = {isa = PBXFileReference; lastKnownFileType = image.jpeg; path = hulk.jpg; sourceTree = "<group>"; };
		39500945155B2B9200AA04FB /* thor.jpg */ = {isa = PBXFileReference; lastKnownFileType = image.jpeg; path = thor.jpg; sourceTree = "<group>"; };
		7D21FAD115609DC90048E1DE /* OnlineViewController.h */ = {isa = PBXFileReference; fileEncoding = 4; lastKnownFileType = sourcecode.c.h; path = OnlineViewController.h; sourceTree = "<group>"; };
		7D21FAD215609DC90048E1DE /* OnlineViewController.m */ = {isa = PBXFileReference; fileEncoding = 4; lastKnownFileType = sourcecode.c.objc; path = OnlineViewController.m; sourceTree = "<group>"; };
		7D21FAD81560BBE80048E1DE /* CameraRollViewController.h */ = {isa = PBXFileReference; fileEncoding = 4; lastKnownFileType = sourcecode.c.h; path = CameraRollViewController.h; sourceTree = "<group>"; };
		7D21FAD91560BBE80048E1DE /* CameraRollViewController.m */ = {isa = PBXFileReference; fileEncoding = 4; lastKnownFileType = sourcecode.c.objc; path = CameraRollViewController.m; sourceTree = "<group>"; };
		7D21FADF1560BF4E0048E1DE /* AssetsLibrary.framework */ = {isa = PBXFileReference; lastKnownFileType = wrapper.framework; name = AssetsLibrary.framework; path = System/Library/Frameworks/AssetsLibrary.framework; sourceTree = SDKROOT; };
		7D21FAE11560C1CA0048E1DE /* MobileCoreServices.framework */ = {isa = PBXFileReference; lastKnownFileType = wrapper.framework; name = MobileCoreServices.framework; path = System/Library/Frameworks/MobileCoreServices.framework; sourceTree = SDKROOT; };
		7D21FAE41560C2160048E1DE /* CoreMedia.framework */ = {isa = PBXFileReference; lastKnownFileType = wrapper.framework; name = CoreMedia.framework; path = System/Library/Frameworks/CoreMedia.framework; sourceTree = SDKROOT; };
		7D21FAE61560C2240048E1DE /* CoreImage.framework */ = {isa = PBXFileReference; lastKnownFileType = wrapper.framework; name = CoreImage.framework; path = System/Library/Frameworks/CoreImage.framework; sourceTree = SDKROOT; };
		7D21FAE81560C2550048E1DE /* CoreVideo.framework */ = {isa = PBXFileReference; lastKnownFileType = wrapper.framework; name = CoreVideo.framework; path = System/Library/Frameworks/CoreVideo.framework; sourceTree = SDKROOT; };
		7D3B4761155E89FE00935C26 /* AVFoundation.framework */ = {isa = PBXFileReference; lastKnownFileType = wrapper.framework; name = AVFoundation.framework; path = System/Library/Frameworks/AVFoundation.framework; sourceTree = SDKROOT; };
		7D7A5F7315587FFC003014E8 /* myComics.app */ = {isa = PBXFileReference; explicitFileType = wrapper.application; includeInIndex = 0; path = myComics.app; sourceTree = BUILT_PRODUCTS_DIR; };
		7D7A5F7715587FFC003014E8 /* UIKit.framework */ = {isa = PBXFileReference; lastKnownFileType = wrapper.framework; name = UIKit.framework; path = System/Library/Frameworks/UIKit.framework; sourceTree = SDKROOT; };
		7D7A5F7915587FFC003014E8 /* Foundation.framework */ = {isa = PBXFileReference; lastKnownFileType = wrapper.framework; name = Foundation.framework; path = System/Library/Frameworks/Foundation.framework; sourceTree = SDKROOT; };
		7D7A5F7B15587FFC003014E8 /* CoreGraphics.framework */ = {isa = PBXFileReference; lastKnownFileType = wrapper.framework; name = CoreGraphics.framework; path = System/Library/Frameworks/CoreGraphics.framework; sourceTree = SDKROOT; };
		7D7A5F7F15587FFC003014E8 /* myComics-Info.plist */ = {isa = PBXFileReference; lastKnownFileType = text.plist.xml; path = "myComics-Info.plist"; sourceTree = "<group>"; };
		7D7A5F8115587FFC003014E8 /* en */ = {isa = PBXFileReference; lastKnownFileType = text.plist.strings; name = en; path = en.lproj/InfoPlist.strings; sourceTree = "<group>"; };
		7D7A5F8315587FFC003014E8 /* main.m */ = {isa = PBXFileReference; lastKnownFileType = sourcecode.c.objc; path = main.m; sourceTree = "<group>"; };
		7D7A5F8515587FFC003014E8 /* myComics-Prefix.pch */ = {isa = PBXFileReference; lastKnownFileType = sourcecode.c.h; path = "myComics-Prefix.pch"; sourceTree = "<group>"; };
		7D7A5F8615587FFC003014E8 /* AppDelegate.h */ = {isa = PBXFileReference; lastKnownFileType = sourcecode.c.h; path = AppDelegate.h; sourceTree = "<group>"; };
		7D7A5F8715587FFC003014E8 /* AppDelegate.m */ = {isa = PBXFileReference; lastKnownFileType = sourcecode.c.objc; path = AppDelegate.m; sourceTree = "<group>"; };
		7D7A5F8A15587FFD003014E8 /* en */ = {isa = PBXFileReference; lastKnownFileType = file.storyboard; name = en; path = en.lproj/MainStoryboard.storyboard; sourceTree = "<group>"; };
		7D7A5F8C15587FFD003014E8 /* ViewController.h */ = {isa = PBXFileReference; lastKnownFileType = sourcecode.c.h; path = ViewController.h; sourceTree = "<group>"; };
		7D7A5F8D15587FFD003014E8 /* ViewController.m */ = {isa = PBXFileReference; lastKnownFileType = sourcecode.c.objc; path = ViewController.m; sourceTree = "<group>"; };
/* End PBXFileReference section */

/* Begin PBXFrameworksBuildPhase section */
		7D7A5F7015587FFC003014E8 /* Frameworks */ = {
			isa = PBXFrameworksBuildPhase;
			buildActionMask = 2147483647;
			files = (

				0D8B746A157D6958002C2D92 /* QuartzCore.framework in Frameworks */,
				0D8B7467157D6897002C2D92 /* CoreImage.framework in Frameworks */,
				7D21FAE91560C2550048E1DE /* CoreVideo.framework in Frameworks */,
				7D21FAE51560C2160048E1DE /* CoreMedia.framework in Frameworks */,
				7D21FAE31560C1EA0048E1DE /* CoreGraphics.framework in Frameworks */,
				7D21FAE01560BF4E0048E1DE /* AssetsLibrary.framework in Frameworks */,
				7D3B4762155E89FE00935C26 /* AVFoundation.framework in Frameworks */,
				7D7A5F7815587FFC003014E8 /* UIKit.framework in Frameworks */,
				7D7A5F7A15587FFC003014E8 /* Foundation.framework in Frameworks */,
			);
			runOnlyForDeploymentPostprocessing = 0;
		};
/* End PBXFrameworksBuildPhase section */

/* Begin PBXGroup section */
		395008F5155B20C200AA04FB /* pics */ = {
			isa = PBXGroup;
			children = (
				39500945155B2B9200AA04FB /* thor.jpg */,
				395008FA155B20F300AA04FB /* hulk.jpg */,
				395008F6155B20D800AA04FB /* ironman.jpg */,
			);
			name = pics;
			sourceTree = "<group>";
		};
		7D7A5F6815587FFC003014E8 = {
			isa = PBXGroup;
			children = (
				0D8B7469157D6958002C2D92 /* QuartzCore.framework */,
				7D7A5F7D15587FFC003014E8 /* myComics */,
				7D7A5F7615587FFC003014E8 /* Frameworks */,
				7D7A5F7415587FFC003014E8 /* Products */,
			);
			sourceTree = "<group>";
		};
		7D7A5F7415587FFC003014E8 /* Products */ = {
			isa = PBXGroup;
			children = (
				7D7A5F7315587FFC003014E8 /* myComics.app */,
			);
			name = Products;
			sourceTree = "<group>";
		};
		7D7A5F7615587FFC003014E8 /* Frameworks */ = {
			isa = PBXGroup;
			children = (
				7D21FAE81560C2550048E1DE /* CoreVideo.framework */,
				7D21FAE61560C2240048E1DE /* CoreImage.framework */,
				7D21FAE41560C2160048E1DE /* CoreMedia.framework */,
				7D21FAE11560C1CA0048E1DE /* MobileCoreServices.framework */,
				7D21FADF1560BF4E0048E1DE /* AssetsLibrary.framework */,
				7D3B4761155E89FE00935C26 /* AVFoundation.framework */,
				7D7A5F7715587FFC003014E8 /* UIKit.framework */,
				7D7A5F7915587FFC003014E8 /* Foundation.framework */,
				7D7A5F7B15587FFC003014E8 /* CoreGraphics.framework */,
			);
			name = Frameworks;
			sourceTree = "<group>";
		};
		7D7A5F7D15587FFC003014E8 /* myComics */ = {
			isa = PBXGroup;
			children = (
				395008F5155B20C200AA04FB /* pics */,
				7D7A5F8615587FFC003014E8 /* AppDelegate.h */,
				7D7A5F8715587FFC003014E8 /* AppDelegate.m */,
				7D7A5F8915587FFD003014E8 /* MainStoryboard.storyboard */,
				7D21FAD81560BBE80048E1DE /* CameraRollViewController.h */,
				7D21FAD91560BBE80048E1DE /* CameraRollViewController.m */,
				7D21FAD115609DC90048E1DE /* OnlineViewController.h */,
				7D21FAD215609DC90048E1DE /* OnlineViewController.m */,
				7D7A5F8C15587FFD003014E8 /* ViewController.h */,
				7D7A5F8D15587FFD003014E8 /* ViewController.m */,
				7D7A5F7E15587FFC003014E8 /* Supporting Files */,
			);
			path = myComics;
			sourceTree = "<group>";
		};
		7D7A5F7E15587FFC003014E8 /* Supporting Files */ = {
			isa = PBXGroup;
			children = (
				7D7A5F7F15587FFC003014E8 /* myComics-Info.plist */,
				7D7A5F8015587FFC003014E8 /* InfoPlist.strings */,
				7D7A5F8315587FFC003014E8 /* main.m */,
				7D7A5F8515587FFC003014E8 /* myComics-Prefix.pch */,
			);
			name = "Supporting Files";
			sourceTree = "<group>";
		};
/* End PBXGroup section */

/* Begin PBXNativeTarget section */
		7D7A5F7215587FFC003014E8 /* myComics */ = {
			isa = PBXNativeTarget;
			buildConfigurationList = 7D7A5F9115587FFD003014E8 /* Build configuration list for PBXNativeTarget "myComics" */;
			buildPhases = (
				7D7A5F6F15587FFC003014E8 /* Sources */,
				7D7A5F7015587FFC003014E8 /* Frameworks */,
				7D7A5F7115587FFC003014E8 /* Resources */,
			);
			buildRules = (
			);
			dependencies = (
			);
			name = myComics;
			productName = myComics;
			productReference = 7D7A5F7315587FFC003014E8 /* myComics.app */;
			productType = "com.apple.product-type.application";
		};
/* End PBXNativeTarget section */

/* Begin PBXProject section */
		7D7A5F6A15587FFC003014E8 /* Project object */ = {
			isa = PBXProject;
			attributes = {
				LastUpgradeCheck = 0430;
			};
			buildConfigurationList = 7D7A5F6D15587FFC003014E8 /* Build configuration list for PBXProject "myComics" */;
			compatibilityVersion = "Xcode 3.2";
			developmentRegion = English;
			hasScannedForEncodings = 0;
			knownRegions = (
				en,
			);
			mainGroup = 7D7A5F6815587FFC003014E8;
			productRefGroup = 7D7A5F7415587FFC003014E8 /* Products */;
			projectDirPath = "";
			projectRoot = "";
			targets = (
				7D7A5F7215587FFC003014E8 /* myComics */,
			);
		};
/* End PBXProject section */

/* Begin PBXResourcesBuildPhase section */
		7D7A5F7115587FFC003014E8 /* Resources */ = {
			isa = PBXResourcesBuildPhase;
			buildActionMask = 2147483647;
			files = (
				7D7A5F8215587FFC003014E8 /* InfoPlist.strings in Resources */,
				7D7A5F8B15587FFD003014E8 /* MainStoryboard.storyboard in Resources */,
				395008F8155B20D800AA04FB /* ironman.jpg in Resources */,
				395008FB155B20F300AA04FB /* hulk.jpg in Resources */,
				39500946155B2B9200AA04FB /* thor.jpg in Resources */,
			);
			runOnlyForDeploymentPostprocessing = 0;
		};
/* End PBXResourcesBuildPhase section */

/* Begin PBXSourcesBuildPhase section */
		7D7A5F6F15587FFC003014E8 /* Sources */ = {
			isa = PBXSourcesBuildPhase;
			buildActionMask = 2147483647;
			files = (
				7D7A5F8415587FFC003014E8 /* main.m in Sources */,
				7D7A5F8815587FFC003014E8 /* AppDelegate.m in Sources */,
				7D7A5F8E15587FFD003014E8 /* ViewController.m in Sources */,
				7D21FAD315609DC90048E1DE /* OnlineViewController.m in Sources */,
				7D21FADA1560BBE90048E1DE /* CameraRollViewController.m in Sources */,
			);
			runOnlyForDeploymentPostprocessing = 0;
		};
/* End PBXSourcesBuildPhase section */

/* Begin PBXVariantGroup section */
		7D7A5F8015587FFC003014E8 /* InfoPlist.strings */ = {
			isa = PBXVariantGroup;
			children = (
				7D7A5F8115587FFC003014E8 /* en */,
			);
			name = InfoPlist.strings;
			sourceTree = "<group>";
		};
		7D7A5F8915587FFD003014E8 /* MainStoryboard.storyboard */ = {
			isa = PBXVariantGroup;
			children = (
				7D7A5F8A15587FFD003014E8 /* en */,
			);
			name = MainStoryboard.storyboard;
			sourceTree = "<group>";
		};
/* End PBXVariantGroup section */

/* Begin XCBuildConfiguration section */
		7D7A5F8F15587FFD003014E8 /* Debug */ = {
			isa = XCBuildConfiguration;
			buildSettings = {
				ALWAYS_SEARCH_USER_PATHS = NO;
				ARCHS = "$(ARCHS_STANDARD_32_BIT)";
				CLANG_ENABLE_OBJC_ARC = YES;
				"CODE_SIGN_IDENTITY[sdk=iphoneos*]" = "iPhone Developer";
				COPY_PHASE_STRIP = NO;
				GCC_C_LANGUAGE_STANDARD = gnu99;
				GCC_DYNAMIC_NO_PIC = NO;
				GCC_OPTIMIZATION_LEVEL = 0;
				GCC_PREPROCESSOR_DEFINITIONS = (
					"DEBUG=1",
					"$(inherited)",
				);
				GCC_SYMBOLS_PRIVATE_EXTERN = NO;
				GCC_VERSION = com.apple.compilers.llvm.clang.1_0;
				GCC_WARN_ABOUT_RETURN_TYPE = YES;
				GCC_WARN_UNINITIALIZED_AUTOS = YES;
				GCC_WARN_UNUSED_VARIABLE = YES;
				IPHONEOS_DEPLOYMENT_TARGET = 5.1;
				SDKROOT = iphoneos;
			};
			name = Debug;
		};
		7D7A5F9015587FFD003014E8 /* Release */ = {
			isa = XCBuildConfiguration;
			buildSettings = {
				ALWAYS_SEARCH_USER_PATHS = NO;
				ARCHS = "$(ARCHS_STANDARD_32_BIT)";
				CLANG_ENABLE_OBJC_ARC = YES;
				"CODE_SIGN_IDENTITY[sdk=iphoneos*]" = "iPhone Developer";
				COPY_PHASE_STRIP = YES;
				GCC_C_LANGUAGE_STANDARD = gnu99;
				GCC_VERSION = com.apple.compilers.llvm.clang.1_0;
				GCC_WARN_ABOUT_RETURN_TYPE = YES;
				GCC_WARN_UNINITIALIZED_AUTOS = YES;
				GCC_WARN_UNUSED_VARIABLE = YES;
				IPHONEOS_DEPLOYMENT_TARGET = 5.1;
				OTHER_CFLAGS = "-DNS_BLOCK_ASSERTIONS=1";
				SDKROOT = iphoneos;
				VALIDATE_PRODUCT = YES;
			};
			name = Release;
		};
		7D7A5F9215587FFD003014E8 /* Debug */ = {
			isa = XCBuildConfiguration;
			buildSettings = {
				GCC_PRECOMPILE_PREFIX_HEADER = YES;
				GCC_PREFIX_HEADER = "myComics/myComics-Prefix.pch";
				INFOPLIST_FILE = "myComics/myComics-Info.plist";
				PRODUCT_NAME = "$(TARGET_NAME)";
				WRAPPER_EXTENSION = app;
			};
			name = Debug;
		};
		7D7A5F9315587FFD003014E8 /* Release */ = {
			isa = XCBuildConfiguration;
			buildSettings = {
				GCC_PRECOMPILE_PREFIX_HEADER = YES;
				GCC_PREFIX_HEADER = "myComics/myComics-Prefix.pch";
				INFOPLIST_FILE = "myComics/myComics-Info.plist";
				PRODUCT_NAME = "$(TARGET_NAME)";
				WRAPPER_EXTENSION = app;
			};
			name = Release;
		};
/* End XCBuildConfiguration section */

/* Begin XCConfigurationList section */
		7D7A5F6D15587FFC003014E8 /* Build configuration list for PBXProject "myComics" */ = {
			isa = XCConfigurationList;
			buildConfigurations = (
				7D7A5F8F15587FFD003014E8 /* Debug */,
				7D7A5F9015587FFD003014E8 /* Release */,
			);
			defaultConfigurationIsVisible = 0;
			defaultConfigurationName = Release;
		};
		7D7A5F9115587FFD003014E8 /* Build configuration list for PBXNativeTarget "myComics" */ = {
			isa = XCConfigurationList;
			buildConfigurations = (
				7D7A5F9215587FFD003014E8 /* Debug */,
				7D7A5F9315587FFD003014E8 /* Release */,
			);
			defaultConfigurationIsVisible = 0;
			defaultConfigurationName = Release;
		};
/* End XCConfigurationList section */
	};
	rootObject = 7D7A5F6A15587FFC003014E8 /* Project object */;
}
